# This file is generated by running "yarn install" inside your project.
# Manual changes might be lost - proceed with caution!

__metadata:
  version: 6
  cacheKey: 8

"@hapi/hoek@npm:^9.0.0":
  version: 9.2.1
  resolution: "@hapi/hoek@npm:9.2.1"
  checksum: 6a439f672df5f12f1d08d56967b4cb364ce05d81e95e3c3c1b88c5a98b917ca91c70e78cc0b2b4219a760cceec1f22d6658bfc93a83670cecc1ce9ca2247ebd8
  languageName: node
  linkType: hard

"@hapi/topo@npm:^5.0.0":
  version: 5.1.0
  resolution: "@hapi/topo@npm:5.1.0"
  dependencies:
    "@hapi/hoek": ^9.0.0
  checksum: 604dfd5dde76d5c334bd03f9001fce69c7ce529883acf92da96f4fe7e51221bf5e5110e964caca287a6a616ba027c071748ab636ff178ad750547fba611d6014
  languageName: node
  linkType: hard

"@sideway/address@npm:^4.1.3":
  version: 4.1.3
  resolution: "@sideway/address@npm:4.1.3"
  dependencies:
    "@hapi/hoek": ^9.0.0
  checksum: 3c1faf6ef37a0b59b62ce42b59c012c00ef1fc4194ad6776c65c2f9a6dd6c1710c6f6362b3ca3fa582fdb93984f0cb64ca44f9f5e02940634805f5e561279c22
  languageName: node
  linkType: hard

"@sideway/formula@npm:^3.0.0":
  version: 3.0.0
  resolution: "@sideway/formula@npm:3.0.0"
  checksum: 8ae26a0ed6bc84f7310be6aae6eb9d81e97f382619fc69025d346871a707eaab0fa38b8c857e3f0c35a19923de129f42d35c50b8010c928d64aab41578580ec4
  languageName: node
  linkType: hard

"@sideway/pinpoint@npm:^2.0.0":
  version: 2.0.0
  resolution: "@sideway/pinpoint@npm:2.0.0"
  checksum: 0f4491e5897fcf5bf02c46f5c359c56a314e90ba243f42f0c100437935daa2488f20482f0f77186bd6bf43345095a95d8143ecf8b1f4d876a7bc0806aba9c3d2
  languageName: node
  linkType: hard

"interface@workspace:.":
  version: 0.0.0-use.local
  resolution: "interface@workspace:."
  dependencies:
    joi: ^17.6.0
    rxjs: ^7.5.5
    ws: ^8.5.0
  languageName: unknown
  linkType: soft

"joi@npm:^17.6.0":
  version: 17.6.0
  resolution: "joi@npm:17.6.0"
  dependencies:
    "@hapi/hoek": ^9.0.0
    "@hapi/topo": ^5.0.0
    "@sideway/address": ^4.1.3
    "@sideway/formula": ^3.0.0
    "@sideway/pinpoint": ^2.0.0
  checksum: eaf62f6c02f2edb1042f1ab04fc23a5918a2cb8f54bec84c6e1033624d8a462c10ae9518af55a3ba84f1793960450d58094eda308e7ef93c17edd4e3c8ef31d5
  languageName: node
  linkType: hard

"rxjs@npm:^7.5.5":
  version: 7.5.5
  resolution: "rxjs@npm:7.5.5"
  dependencies:
    tslib: ^2.1.0
  checksum: e034f60805210cce756dd2f49664a8108780b117cf5d0e2281506e9e6387f7b4f1532d974a8c8b09314fa7a16dd2f6cff3462072a5789672b5dcb45c4173f3c6
  languageName: node
  linkType: hard

"tslib@npm:^2.1.0":
  version: 2.3.1
  resolution: "tslib@npm:2.3.1"
  checksum: de17a98d4614481f7fcb5cd53ffc1aaf8654313be0291e1bfaee4b4bb31a20494b7d218ff2e15017883e8ea9626599b3b0e0229c18383ba9dce89da2adf15cb9
  languageName: node
  linkType: hard

"ws@npm:^8.5.0":
  version: 8.5.0
  resolution: "ws@npm:8.5.0"
  peerDependencies:
    bufferutil: ^4.0.1
    utf-8-validate: ^5.0.2
  peerDependenciesMeta:
    bufferutil:
      optional: true
    utf-8-validate:
      optional: true
  checksum: 76f2f90e40344bf18fd544194e7067812fb1372b2a37865678d8f12afe4b478ff2ebc0c7c0aff82cd5e6b66fc43d889eec0f1865c2365d8f7a66d92da7744a77
  languageName: node
  linkType: hard
